
Microsoft Visual Studio Solution File, Format Version 12.00
# Visual Studio 15
VisualStudioVersion = 15.0.27130.2024
MinimumVisualStudioVersion = 10.0.40219.1
Project("{FAE04EC0-301F-11D3-BF4B-00C04F79EFBC}") = "UzduotisIsLapo10", "UzduotisIsLapo10\UzduotisIsLapo10.csproj", "{E490E7E2-2AD6-4F0F-B2A1-54E01AEE4B77}"
EndProject
Global
	GlobalSection(SolutionConfigurationPlatforms) = preSolution
		Debug|Any CPU = Debug|Any CPU
		Release|Any CPU = Release|Any CPU
	EndGlobalSection
	GlobalSection(ProjectConfigurationPlatforms) = postSolution
		{E490E7E2-2AD6-4F0F-B2A1-54E01AEE4B77}.Debug|Any CPU.ActiveCfg = Debug|Any CPU
		{E490E7E2-2AD6-4F0F-B2A1-54E01AEE4B77}.Debug|Any CPU.Build.0 = Debug|Any CPU
		{E490E7E2-2AD6-4F0F-B2A1-54E01AEE4B77}.Release|Any CPU.ActiveCfg = Release|Any CPU
		{E490E7E2-2AD6-4F0F-B2A1-54E01AEE4B77}.Release|Any CPU.Build.0 = Release|Any CPU
	EndGlobalSection
	GlobalSection(SolutionProperties) = preSolution
		HideSolutionNode = FALSE
	EndGlobalSection
	GlobalSection(ExtensibilityGlobals) = postSolution
		SolutionGuid = {B3D58C7B-010C-43DF-BCAA-881F708F6F13}
	EndGlobalSection
EndGlobal
